
Microsoft Visual Studio Solution File, Format Version 12.00
# Visual Studio Version 17
VisualStudioVersion = 17.9.34728.123
MinimumVisualStudioVersion = 10.0.40219.1
Project("{A815D0B0-DDB6-4549-85AF-0B92799E15F8}") = "OTP Bot", "OTP-Bot.csproj", "{C9D556F7-7058-4663-A09B-CAD8A92CFDED}"
EndProject
Global
	GlobalSection(SolutionConfigurationPlatforms) = preSolution
		Debug|Any CPU = Debug|Any CPU
		Release|Any CPU = Release|Any CPU
	EndGlobalSection
	GlobalSection(ProjectConfigurationPlatforms) = postSolution
		{C9D556F7-7058-4663-A09B-CAD8A92CFDED}.Debug|Any CPU.ActiveCfg = Debug|Any CPU
		{C9D556F7-7058-4663-A09B-CAD8A92CFDED}.Debug|Any CPU.Build.0 = Debug|Any CPU
		{C9D556F7-7058-4663-A09B-CAD8A92CFDED}.Release|Any CPU.ActiveCfg = Release|Any CPU
		{C9D556F7-7058-4663-A09B-CAD8A92CFDED}.Release|Any CPU.Build.0 = Release|Any CPU
	EndGlobalSection
	GlobalSection(SolutionProperties) = preSolution
		HideSolutionNode = FALSE
	EndGlobalSection
	GlobalSection(ExtensibilityGlobals) = postSolution
		SolutionGuid = {E4ECEFDC-7C9D-4C56-AD21-3CC8C862DA48}
	EndGlobalSection
EndGlobal
